
Microsoft Visual Studio Solution File, Format Version 12.00
# Visual Studio 14
VisualStudioVersion = 14.0.25420.1
MinimumVisualStudioVersion = 10.0.40219.1
Project("{FAE04EC0-301F-11D3-BF4B-00C04F79EFBC}") = "KVIK_project", "KVIK_project\KVIK_project.csproj", "{A26B930D-9B3E-4AD6-8BB0-01159A028DD4}"
EndProject
Project("{FAE04EC0-301F-11D3-BF4B-00C04F79EFBC}") = "WcfService", "WcfService\WcfService.csproj", "{6ED401AB-6C55-4DCB-A5DE-3C8E8FDEF13B}"
EndProject
Project("{FAE04EC0-301F-11D3-BF4B-00C04F79EFBC}") = "KvikLibrary", "KvikLibrary\KvikLibrary.csproj", "{CEAEB8F0-BD56-4D39-8F5A-F72343208199}"
EndProject
Project("{FAE04EC0-301F-11D3-BF4B-00C04F79EFBC}") = "HostConsole", "HostConsole\HostConsole.csproj", "{3DC4F6A9-8369-4812-A0A4-78768F28BF3D}"
EndProject
Project("{FAE04EC0-301F-11D3-BF4B-00C04F79EFBC}") = "AppClient", "AppClient\AppClient.csproj", "{CF23C3FE-AC79-4F81-B32A-ED6D57A54756}"
EndProject
Project("{FAE04EC0-301F-11D3-BF4B-00C04F79EFBC}") = "AppClient2", "AppClient2\AppClient2.csproj", "{D3014228-A3FF-42D5-956B-EA5A7727AD0F}"
EndProject
Project("{FAE04EC0-301F-11D3-BF4B-00C04F79EFBC}") = "WindowsFormsApplication1", "WindowsFormsApplication1\WindowsFormsApplication1.csproj", "{1E11326D-88AF-4C04-9119-7CDC49A216AA}"
EndProject
Global
	GlobalSection(SolutionConfigurationPlatforms) = preSolution
		Debug|Any CPU = Debug|Any CPU
		Release|Any CPU = Release|Any CPU
	EndGlobalSection
	GlobalSection(ProjectConfigurationPlatforms) = postSolution
		{A26B930D-9B3E-4AD6-8BB0-01159A028DD4}.Debug|Any CPU.ActiveCfg = Debug|Any CPU
		{A26B930D-9B3E-4AD6-8BB0-01159A028DD4}.Debug|Any CPU.Build.0 = Debug|Any CPU
		{A26B930D-9B3E-4AD6-8BB0-01159A028DD4}.Release|Any CPU.ActiveCfg = Release|Any CPU
		{A26B930D-9B3E-4AD6-8BB0-01159A028DD4}.Release|Any CPU.Build.0 = Release|Any CPU
		{6ED401AB-6C55-4DCB-A5DE-3C8E8FDEF13B}.Debug|Any CPU.ActiveCfg = Debug|Any CPU
		{6ED401AB-6C55-4DCB-A5DE-3C8E8FDEF13B}.Debug|Any CPU.Build.0 = Debug|Any CPU
		{6ED401AB-6C55-4DCB-A5DE-3C8E8FDEF13B}.Release|Any CPU.ActiveCfg = Release|Any CPU
		{6ED401AB-6C55-4DCB-A5DE-3C8E8FDEF13B}.Release|Any CPU.Build.0 = Release|Any CPU
		{CEAEB8F0-BD56-4D39-8F5A-F72343208199}.Debug|Any CPU.ActiveCfg = Debug|Any CPU
		{CEAEB8F0-BD56-4D39-8F5A-F72343208199}.Debug|Any CPU.Build.0 = Debug|Any CPU
		{CEAEB8F0-BD56-4D39-8F5A-F72343208199}.Release|Any CPU.ActiveCfg = Release|Any CPU
		{CEAEB8F0-BD56-4D39-8F5A-F72343208199}.Release|Any CPU.Build.0 = Release|Any CPU
		{3DC4F6A9-8369-4812-A0A4-78768F28BF3D}.Debug|Any CPU.ActiveCfg = Debug|Any CPU
		{3DC4F6A9-8369-4812-A0A4-78768F28BF3D}.Debug|Any CPU.Build.0 = Debug|Any CPU
		{3DC4F6A9-8369-4812-A0A4-78768F28BF3D}.Release|Any CPU.ActiveCfg = Release|Any CPU
		{3DC4F6A9-8369-4812-A0A4-78768F28BF3D}.Release|Any CPU.Build.0 = Release|Any CPU
		{CF23C3FE-AC79-4F81-B32A-ED6D57A54756}.Debug|Any CPU.ActiveCfg = Debug|Any CPU
		{CF23C3FE-AC79-4F81-B32A-ED6D57A54756}.Debug|Any CPU.Build.0 = Debug|Any CPU
		{CF23C3FE-AC79-4F81-B32A-ED6D57A54756}.Release|Any CPU.ActiveCfg = Release|Any CPU
		{CF23C3FE-AC79-4F81-B32A-ED6D57A54756}.Release|Any CPU.Build.0 = Release|Any CPU
		{D3014228-A3FF-42D5-956B-EA5A7727AD0F}.Debug|Any CPU.ActiveCfg = Debug|Any CPU
		{D3014228-A3FF-42D5-956B-EA5A7727AD0F}.Debug|Any CPU.Build.0 = Debug|Any CPU
		{D3014228-A3FF-42D5-956B-EA5A7727AD0F}.Release|Any CPU.ActiveCfg = Release|Any CPU
		{D3014228-A3FF-42D5-956B-EA5A7727AD0F}.Release|Any CPU.Build.0 = Release|Any CPU
		{1E11326D-88AF-4C04-9119-7CDC49A216AA}.Debug|Any CPU.ActiveCfg = Debug|Any CPU
		{1E11326D-88AF-4C04-9119-7CDC49A216AA}.Debug|Any CPU.Build.0 = Debug|Any CPU
		{1E11326D-88AF-4C04-9119-7CDC49A216AA}.Release|Any CPU.ActiveCfg = Release|Any CPU
		{1E11326D-88AF-4C04-9119-7CDC49A216AA}.Release|Any CPU.Build.0 = Release|Any CPU
	EndGlobalSection
	GlobalSection(SolutionProperties) = preSolution
		HideSolutionNode = FALSE
	EndGlobalSection
EndGlobal
